// !$*UTF8*$!
{
	archiveVersion = 1;
	classes = {
	};
	objectVersion = 46;
	objects = {

/* Begin PBXBuildFile section */
		10122EC01E9A31460047F926 /* VideosViewCell.swift in Sources */ = {isa = PBXBuildFile; fileRef = 10122EBF1E9A31460047F926 /* VideosViewCell.swift */; };
		10122EC21E9A380E0047F926 /* Video.swift in Sources */ = {isa = PBXBuildFile; fileRef = 10122EC11E9A380E0047F926 /* Video.swift */; };
		10122EC41E9A3F180047F926 /* UIImageViewExtension.swift in Sources */ = {isa = PBXBuildFile; fileRef = 10122EC31E9A3F180047F926 /* UIImageViewExtension.swift */; };
		101E0F881E851C9700FC75B3 /* LoginViewController.swift in Sources */ = {isa = PBXBuildFile; fileRef = 101E0F871E851C9700FC75B3 /* LoginViewController.swift */; };
		101E0F8A1E851CA300FC75B3 /* VideosViewController.swift in Sources */ = {isa = PBXBuildFile; fileRef = 101E0F891E851CA300FC75B3 /* VideosViewController.swift */; };
		106CC56D1E517A56004F75E9 /* AppDelegate.swift in Sources */ = {isa = PBXBuildFile; fileRef = 106CC56C1E517A56004F75E9 /* AppDelegate.swift */; };
		106CC5721E517A56004F75E9 /* Main.storyboard in Resources */ = {isa = PBXBuildFile; fileRef = 106CC5701E517A56004F75E9 /* Main.storyboard */; };
		106CC5741E517A56004F75E9 /* Assets.xcassets in Resources */ = {isa = PBXBuildFile; fileRef = 106CC5731E517A56004F75E9 /* Assets.xcassets */; };
		106CC5771E517A56004F75E9 /* LaunchScreen.storyboard in Resources */ = {isa = PBXBuildFile; fileRef = 106CC5751E517A56004F75E9 /* LaunchScreen.storyboard */; };
		10F1D1661E5AF3400071E2C0 /* GoogleService-Info.plist in Resources */ = {isa = PBXBuildFile; fileRef = 10F1D1651E5AF3400071E2C0 /* GoogleService-Info.plist */; };
		10F26BBD1EC1B2CC009B7712 /* CommentsViewController.swift in Sources */ = {isa = PBXBuildFile; fileRef = 10F26BBC1EC1B2CC009B7712 /* CommentsViewController.swift */; };
		10F26BBF1EC1C6C0009B7712 /* Comment.swift in Sources */ = {isa = PBXBuildFile; fileRef = 10F26BBE1EC1C6C0009B7712 /* Comment.swift */; };
		10F26BC11EC1C818009B7712 /* CommentsCell.swift in Sources */ = {isa = PBXBuildFile; fileRef = 10F26BC01EC1C818009B7712 /* CommentsCell.swift */; };
		41E384C30CA5B4B74154BEBD /* Pods_Video_Share.framework in Frameworks */ = {isa = PBXBuildFile; fileRef = E013C4E7D2EB1468F266D4B2 /* Pods_Video_Share.framework */; };
/* End PBXBuildFile section */

/* Begin PBXFileReference section */
		10122EBF1E9A31460047F926 /* VideosViewCell.swift */ = {isa = PBXFileReference; fileEncoding = 4; lastKnownFileType = sourcecode.swift; path = VideosViewCell.swift; sourceTree = "<group>"; };
		10122EC11E9A380E0047F926 /* Video.swift */ = {isa = PBXFileReference; fileEncoding = 4; lastKnownFileType = sourcecode.swift; path = Video.swift; sourceTree = "<group>"; };
		10122EC31E9A3F180047F926 /* UIImageViewExtension.swift */ = {isa = PBXFileReference; fileEncoding = 4; lastKnownFileType = sourcecode.swift; path = UIImageViewExtension.swift; sourceTree = "<group>"; };
		101E0F871E851C9700FC75B3 /* LoginViewController.swift */ = {isa = PBXFileReference; fileEncoding = 4; lastKnownFileType = sourcecode.swift; path = LoginViewController.swift; sourceTree = "<group>"; };
		101E0F891E851CA300FC75B3 /* VideosViewController.swift */ = {isa = PBXFileReference; fileEncoding = 4; lastKnownFileType = sourcecode.swift; path = VideosViewController.swift; sourceTree = "<group>"; };
		106CC5691E517A56004F75E9 /* Video Share.app */ = {isa = PBXFileReference; explicitFileType = wrapper.application; includeInIndex = 0; path = "Video Share.app"; sourceTree = BUILT_PRODUCTS_DIR; };
		106CC56C1E517A56004F75E9 /* AppDelegate.swift */ = {isa = PBXFileReference; lastKnownFileType = sourcecode.swift; path = AppDelegate.swift; sourceTree = "<group>"; };
		106CC5711E517A56004F75E9 /* Base */ = {isa = PBXFileReference; lastKnownFileType = file.storyboard; name = Base; path = Base.lproj/Main.storyboard; sourceTree = "<group>"; };
		106CC5731E517A56004F75E9 /* Assets.xcassets */ = {isa = PBXFileReference; lastKnownFileType = folder.assetcatalog; path = Assets.xcassets; sourceTree = "<group>"; };
		106CC5761E517A56004F75E9 /* Base */ = {isa = PBXFileReference; lastKnownFileType = file.storyboard; name = Base; path = Base.lproj/LaunchScreen.storyboard; sourceTree = "<group>"; };
		106CC5781E517A56004F75E9 /* Info.plist */ = {isa = PBXFileReference; lastKnownFileType = text.plist.xml; path = Info.plist; sourceTree = "<group>"; };
		10F1D1651E5AF3400071E2C0 /* GoogleService-Info.plist */ = {isa = PBXFileReference; fileEncoding = 4; lastKnownFileType = text.plist.xml; path = "GoogleService-Info.plist"; sourceTree = "<group>"; };
		10F26BBC1EC1B2CC009B7712 /* CommentsViewController.swift */ = {isa = PBXFileReference; fileEncoding = 4; lastKnownFileType = sourcecode.swift; path = CommentsViewController.swift; sourceTree = "<group>"; };
		10F26BBE1EC1C6C0009B7712 /* Comment.swift */ = {isa = PBXFileReference; fileEncoding = 4; lastKnownFileType = sourcecode.swift; path = Comment.swift; sourceTree = "<group>"; };
		10F26BC01EC1C818009B7712 /* CommentsCell.swift */ = {isa = PBXFileReference; fileEncoding = 4; lastKnownFileType = sourcecode.swift; path = CommentsCell.swift; sourceTree = "<group>"; };
		21A72E7EF066504BEA3E6D57 /* Pods-Video Share.debug.xcconfig */ = {isa = PBXFileReference; includeInIndex = 1; lastKnownFileType = text.xcconfig; name = "Pods-Video Share.debug.xcconfig"; path = "Pods/Target Support Files/Pods-Video Share/Pods-Video Share.debug.xcconfig"; sourceTree = "<group>"; };
		3FD100DE5CD89249D644DBA2 /* Pods-Video Share.release.xcconfig */ = {isa = PBXFileReference; includeInIndex = 1; lastKnownFileType = text.xcconfig; name = "Pods-Video Share.release.xcconfig"; path = "Pods/Target Support Files/Pods-Video Share/Pods-Video Share.release.xcconfig"; sourceTree = "<group>"; };
		E013C4E7D2EB1468F266D4B2 /* Pods_Video_Share.framework */ = {isa = PBXFileReference; explicitFileType = wrapper.framework; includeInIndex = 0; path = Pods_Video_Share.framework; sourceTree = BUILT_PRODUCTS_DIR; };
/* End PBXFileReference section */

/* Begin PBXFrameworksBuildPhase section */
		106CC5661E517A56004F75E9 /* Frameworks */ = {
			isa = PBXFrameworksBuildPhase;
			buildActionMask = 2147483647;
			files = (
				41E384C30CA5B4B74154BEBD /* Pods_Video_Share.framework in Frameworks */,
			);
			runOnlyForDeploymentPostprocessing = 0;
		};
/* End PBXFrameworksBuildPhase section */

/* Begin PBXGroup section */
		106CC5601E517A56004F75E9 = {
			isa = PBXGroup;
			children = (
				106CC56B1E517A56004F75E9 /* Video Share */,
				106CC56A1E517A56004F75E9 /* Products */,
				C992F68D3A09949463C7D448 /* Pods */,
				CC3C5C19D5AF03A8AC0EBF20 /* Frameworks */,
			);
			sourceTree = "<group>";
		};
		106CC56A1E517A56004F75E9 /* Products */ = {
			isa = PBXGroup;
			children = (
				106CC5691E517A56004F75E9 /* Video Share.app */,
			);
			name = Products;
			sourceTree = "<group>";
		};
		106CC56B1E517A56004F75E9 /* Video Share */ = {
			isa = PBXGroup;
			children = (
				106CC56C1E517A56004F75E9 /* AppDelegate.swift */,
				101E0F871E851C9700FC75B3 /* LoginViewController.swift */,
				101E0F891E851CA300FC75B3 /* VideosViewController.swift */,
				10122EBF1E9A31460047F926 /* VideosViewCell.swift */,
				10F26BBC1EC1B2CC009B7712 /* CommentsViewController.swift */,
				10F26BC01EC1C818009B7712 /* CommentsCell.swift */,
				10F26BBE1EC1C6C0009B7712 /* Comment.swift */,
				10122EC11E9A380E0047F926 /* Video.swift */,
				10122EC31E9A3F180047F926 /* UIImageViewExtension.swift */,
				106CC5701E517A56004F75E9 /* Main.storyboard */,
				106CC5731E517A56004F75E9 /* Assets.xcassets */,
				106CC5751E517A56004F75E9 /* LaunchScreen.storyboard */,
				106CC5781E517A56004F75E9 /* Info.plist */,
				10F1D1651E5AF3400071E2C0 /* GoogleService-Info.plist */,
			);
			path = "Video Share";
			sourceTree = "<group>";
		};
		C992F68D3A09949463C7D448 /* Pods */ = {
			isa = PBXGroup;
			children = (
				21A72E7EF066504BEA3E6D57 /* Pods-Video Share.debug.xcconfig */,
				3FD100DE5CD89249D644DBA2 /* Pods-Video Share.release.xcconfig */,
			);
			name = Pods;
			sourceTree = "<group>";
		};
		CC3C5C19D5AF03A8AC0EBF20 /* Frameworks */ = {
			isa = PBXGroup;
			children = (
				E013C4E7D2EB1468F266D4B2 /* Pods_Video_Share.framework */,
			);
			name = Frameworks;
			sourceTree = "<group>";
		};
/* End PBXGroup section */

/* Begin PBXNativeTarget section */
		106CC5681E517A56004F75E9 /* Video Share */ = {
			isa = PBXNativeTarget;
			buildConfigurationList = 106CC57B1E517A56004F75E9 /* Build configuration list for PBXNativeTarget "Video Share" */;
			buildPhases = (
				48F2AF3D3CAA71CA85CD4191 /* [CP] Check Pods Manifest.lock */,
				106CC5651E517A56004F75E9 /* Sources */,
				106CC5661E517A56004F75E9 /* Frameworks */,
				106CC5671E517A56004F75E9 /* Resources */,
				6F272277AF5A002056E1D607 /* [CP] Embed Pods Frameworks */,
				15BCABB8C91E1CEE6AA6CA05 /* [CP] Copy Pods Resources */,
			);
			buildRules = (
			);
			dependencies = (
			);
			name = "Video Share";
			productName = "Video Share";
			productReference = 106CC5691E517A56004F75E9 /* Video Share.app */;
			productType = "com.apple.product-type.application";
		};
/* End PBXNativeTarget section */

/* Begin PBXProject section */
		106CC5611E517A56004F75E9 /* Project object */ = {
			isa = PBXProject;
			attributes = {
				LastSwiftUpdateCheck = 0820;
				LastUpgradeCheck = 0820;
				ORGANIZATIONNAME = "Junkie Labs";
				TargetAttributes = {
					106CC5681E517A56004F75E9 = {
						CreatedOnToolsVersion = 8.2.1;
						DevelopmentTeam = ES5YG98Z24;
						ProvisioningStyle = Automatic;
					};
				};
			};
			buildConfigurationList = 106CC5641E517A56004F75E9 /* Build configuration list for PBXProject "Video Share" */;
			compatibilityVersion = "Xcode 3.2";
			developmentRegion = English;
			hasScannedForEncodings = 0;
			knownRegions = (
				en,
				Base,
			);
			mainGroup = 106CC5601E517A56004F75E9;
			productRefGroup = 106CC56A1E517A56004F75E9 /* Products */;
			projectDirPath = "";
			projectRoot = "";
			targets = (
				106CC5681E517A56004F75E9 /* Video Share */,
			);
		};
/* End PBXProject section */

/* Begin PBXResourcesBuildPhase section */
		106CC5671E517A56004F75E9 /* Resources */ = {
			isa = PBXResourcesBuildPhase;
			buildActionMask = 2147483647;
			files = (
				106CC5771E517A56004F75E9 /* LaunchScreen.storyboard in Resources */,
				10F1D1661E5AF3400071E2C0 /* GoogleService-Info.plist in Resources */,
				106CC5741E517A56004F75E9 /* Assets.xcassets in Resources */,
				106CC5721E517A56004F75E9 /* Main.storyboard in Resources */,
			);
			runOnlyForDeploymentPostprocessing = 0;
		};
/* End PBXResourcesBuildPhase section */

/* Begin PBXShellScriptBuildPhase section */
		15BCABB8C91E1CEE6AA6CA05 /* [CP] Copy Pods Resources */ = {
			isa = PBXShellScriptBuildPhase;
			buildActionMask = 2147483647;
			files = (
			);
			inputPaths = (
			);
			name = "[CP] Copy Pods Resources";
			outputPaths = (
			);
			runOnlyForDeploymentPostprocessing = 0;
			shellPath = /bin/sh;
			shellScript = "\"${SRCROOT}/Pods/Target Support Files/Pods-Video Share/Pods-Video Share-resources.sh\"\n";
			showEnvVarsInLog = 0;
		};
		48F2AF3D3CAA71CA85CD4191 /* [CP] Check Pods Manifest.lock */ = {
			isa = PBXShellScriptBuildPhase;
			buildActionMask = 2147483647;
			files = (
			);
			inputPaths = (
			);
			name = "[CP] Check Pods Manifest.lock";
			outputPaths = (
			);
			runOnlyForDeploymentPostprocessing = 0;
			shellPath = /bin/sh;
			shellScript = "diff \"${PODS_ROOT}/../Podfile.lock\" \"${PODS_ROOT}/Manifest.lock\" > /dev/null\nif [ $? != 0 ] ; then\n    # print error to STDERR\n    echo \"error: The sandbox is not in sync with the Podfile.lock. Run 'pod install' or update your CocoaPods installation.\" >&2\n    exit 1\nfi\n";
			showEnvVarsInLog = 0;
		};
		6F272277AF5A002056E1D607 /* [CP] Embed Pods Frameworks */ = {
			isa = PBXShellScriptBuildPhase;
			buildActionMask = 2147483647;
			files = (
			);
			inputPaths = (
			);
			name = "[CP] Embed Pods Frameworks";
			outputPaths = (
			);
			runOnlyForDeploymentPostprocessing = 0;
			shellPath = /bin/sh;
			shellScript = "\"${SRCROOT}/Pods/Target Support Files/Pods-Video Share/Pods-Video Share-frameworks.sh\"\n";
			showEnvVarsInLog = 0;
		};
/* End PBXShellScriptBuildPhase section */

/* Begin PBXSourcesBuildPhase section */
		106CC5651E517A56004F75E9 /* Sources */ = {
			isa = PBXSourcesBuildPhase;
			buildActionMask = 2147483647;
			files = (
				10122EC01E9A31460047F926 /* VideosViewCell.swift in Sources */,
				10F26BC11EC1C818009B7712 /* CommentsCell.swift in Sources */,
				101E0F8A1E851CA300FC75B3 /* VideosViewController.swift in Sources */,
				10F26BBD1EC1B2CC009B7712 /* CommentsViewController.swift in Sources */,
				10F26BBF1EC1C6C0009B7712 /* Comment.swift in Sources */,
				10122EC41E9A3F180047F926 /* UIImageViewExtension.swift in Sources */,
				101E0F881E851C9700FC75B3 /* LoginViewController.swift in Sources */,
				106CC56D1E517A56004F75E9 /* AppDelegate.swift in Sources */,
				10122EC21E9A380E0047F926 /* Video.swift in Sources */,
			);
			runOnlyForDeploymentPostprocessing = 0;
		};
/* End PBXSourcesBuildPhase section */

/* Begin PBXVariantGroup section */
		106CC5701E517A56004F75E9 /* Main.storyboard */ = {
			isa = PBXVariantGroup;
			children = (
				106CC5711E517A56004F75E9 /* Base */,
			);
			name = Main.storyboard;
			sourceTree = "<group>";
		};
		106CC5751E517A56004F75E9 /* LaunchScreen.storyboard */ = {
			isa = PBXVariantGroup;
			children = (
				106CC5761E517A56004F75E9 /* Base */,
			);
			name = LaunchScreen.storyboard;
			sourceTree = "<group>";
		};
/* End PBXVariantGroup section */

/* Begin XCBuildConfiguration section */
		106CC5791E517A56004F75E9 /* Debug */ = {
			isa = XCBuildConfiguration;
			buildSettings = {
				ALWAYS_SEARCH_USER_PATHS = NO;
				CLANG_ANALYZER_NONNULL = YES;
				CLANG_CXX_LANGUAGE_STANDARD = "gnu++0x";
				CLANG_CXX_LIBRARY = "libc++";
				CLANG_ENABLE_MODULES = YES;
				CLANG_ENABLE_OBJC_ARC = YES;
				CLANG_WARN_BOOL_CONVERSION = YES;
				CLANG_WARN_CONSTANT_CONVERSION = YES;
				CLANG_WARN_DIRECT_OBJC_ISA_USAGE = YES_ERROR;
				CLANG_WARN_DOCUMENTATION_COMMENTS = YES;
				CLANG_WARN_EMPTY_BODY = YES;
				CLANG_WARN_ENUM_CONVERSION = YES;
				CLANG_WARN_INFINITE_RECURSION = YES;
				CLANG_WARN_INT_CONVERSION = YES;
				CLANG_WARN_OBJC_ROOT_CLASS = YES_ERROR;
				CLANG_WARN_SUSPICIOUS_MOVE = YES;
				CLANG_WARN_UNREACHABLE_CODE = YES;
				CLANG_WARN__DUPLICATE_METHOD_MATCH = YES;
				"CODE_SIGN_IDENTITY[sdk=iphoneos*]" = "iPhone Developer";
				COPY_PHASE_STRIP = NO;
				DEBUG_INFORMATION_FORMAT = dwarf;
				ENABLE_STRICT_OBJC_MSGSEND = YES;
				ENABLE_TESTABILITY = YES;
				GCC_C_LANGUAGE_STANDARD = gnu99;
				GCC_DYNAMIC_NO_PIC = NO;
				GCC_NO_COMMON_BLOCKS = YES;
				GCC_OPTIMIZATION_LEVEL = 0;
				GCC_PREPROCESSOR_DEFINITIONS = (
					"DEBUG=1",
					"$(inherited)",
				);
				GCC_WARN_64_TO_32_BIT_CONVERSION = YES;
				GCC_WARN_ABOUT_RETURN_TYPE = YES_ERROR;
				GCC_WARN_UNDECLARED_SELECTOR = YES;
				GCC_WARN_UNINITIALIZED_AUTOS = YES_AGGRESSIVE;
				GCC_WARN_UNUSED_FUNCTION = YES;
				GCC_WARN_UNUSED_VARIABLE = YES;
				IPHONEOS_DEPLOYMENT_TARGET = 10.2;
				MTL_ENABLE_DEBUG_INFO = YES;
				ONLY_ACTIVE_ARCH = YES;
				SDKROOT = iphoneos;
				SWIFT_ACTIVE_COMPILATION_CONDITIONS = DEBUG;
				SWIFT_OPTIMIZATION_LEVEL = "-Onone";
				TARGETED_DEVICE_FAMILY = "1,2";
			};
			name = Debug;
		};
		106CC57A1E517A56004F75E9 /* Release */ = {
			isa = XCBuildConfiguration;
			buildSettings = {
				ALWAYS_SEARCH_USER_PATHS = NO;
				CLANG_ANALYZER_NONNULL = YES;
				CLANG_CXX_LANGUAGE_STANDARD = "gnu++0x";
				CLANG_CXX_LIBRARY = "libc++";
				CLANG_ENABLE_MODULES = YES;
				CLANG_ENABLE_OBJC_ARC = YES;
				CLANG_WARN_BOOL_CONVERSION = YES;
				CLANG_WARN_CONSTANT_CONVERSION = YES;
				CLANG_WARN_DIRECT_OBJC_ISA_USAGE = YES_ERROR;
				CLANG_WARN_DOCUMENTATION_COMMENTS = YES;
				CLANG_WARN_EMPTY_BODY = YES;
				CLANG_WARN_ENUM_CONVERSION = YES;
				CLANG_WARN_INFINITE_RECURSION = YES;
				CLANG_WARN_INT_CONVERSION = YES;
				CLANG_WARN_OBJC_ROOT_CLASS = YES_ERROR;
				CLANG_WARN_SUSPICIOUS_MOVE = YES;
				CLANG_WARN_UNREACHABLE_CODE = YES;
				CLANG_WARN__DUPLICATE_METHOD_MATCH = YES;
				"CODE_SIGN_IDENTITY[sdk=iphoneos*]" = "iPhone Developer";
				COPY_PHASE_STRIP = NO;
				DEBUG_INFORMATION_FORMAT = "dwarf-with-dsym";
				ENABLE_NS_ASSERTIONS = NO;
				ENABLE_STRICT_OBJC_MSGSEND = YES;
				GCC_C_LANGUAGE_STANDARD = gnu99;
				GCC_NO_COMMON_BLOCKS = YES;
				GCC_WARN_64_TO_32_BIT_CONVERSION = YES;
				GCC_WARN_ABOUT_RETURN_TYPE = YES_ERROR;
				GCC_WARN_UNDECLARED_SELECTOR = YES;
				GCC_WARN_UNINITIALIZED_AUTOS = YES_AGGRESSIVE;
				GCC_WARN_UNUSED_FUNCTION = YES;
				GCC_WARN_UNUSED_VARIABLE = YES;
				IPHONEOS_DEPLOYMENT_TARGET = 10.2;
				MTL_ENABLE_DEBUG_INFO = NO;
				SDKROOT = iphoneos;
				SWIFT_OPTIMIZATION_LEVEL = "-Owholemodule";
				TARGETED_DEVICE_FAMILY = "1,2";
				VALIDATE_PRODUCT = YES;
			};
			name = Release;
		};
		106CC57C1E517A56004F75E9 /* Debug */ = {
			isa = XCBuildConfiguration;
			baseConfigurationReference = 21A72E7EF066504BEA3E6D57 /* Pods-Video Share.debug.xcconfig */;
			buildSettings = {
				ASSETCATALOG_COMPILER_APPICON_NAME = AppIcon;
				DEVELOPMENT_TEAM = ES5YG98Z24;
				INFOPLIST_FILE = "Video Share/Info.plist";
				LD_RUNPATH_SEARCH_PATHS = "$(inherited) @executable_path/Frameworks";
				PRODUCT_BUNDLE_IDENTIFIER = "com.junkielabs.junkielab.Video-Share";
				PRODUCT_NAME = "$(TARGET_NAME)";
				SWIFT_VERSION = 3.0;
			};
			name = Debug;
		};
		106CC57D1E517A56004F75E9 /* Release */ = {
			isa = XCBuildConfiguration;
			baseConfigurationReference = 3FD100DE5CD89249D644DBA2 /* Pods-Video Share.release.xcconfig */;
			buildSettings = {
				ASSETCATALOG_COMPILER_APPICON_NAME = AppIcon;
				DEVELOPMENT_TEAM = ES5YG98Z24;
				INFOPLIST_FILE = "Video Share/Info.plist";
				LD_RUNPATH_SEARCH_PATHS = "$(inherited) @executable_path/Frameworks";
				PRODUCT_BUNDLE_IDENTIFIER = "com.junkielabs.junkielab.Video-Share";
				PRODUCT_NAME = "$(TARGET_NAME)";
				SWIFT_VERSION = 3.0;
			};
			name = Release;
		};
/* End XCBuildConfiguration section */

/* Begin XCConfigurationList section */
		106CC5641E517A56004F75E9 /* Build configuration list for PBXProject "Video Share" */ = {
			isa = XCConfigurationList;
			buildConfigurations = (
				106CC5791E517A56004F75E9 /* Debug */,
				106CC57A1E517A56004F75E9 /* Release */,
			);
			defaultConfigurationIsVisible = 0;
			defaultConfigurationName = Release;
		};
		106CC57B1E517A56004F75E9 /* Build configuration list for PBXNativeTarget "Video Share" */ = {
			isa = XCConfigurationList;
			buildConfigurations = (
				106CC57C1E517A56004F75E9 /* Debug */,
				106CC57D1E517A56004F75E9 /* Release */,
			);
			defaultConfigurationIsVisible = 0;
			defaultConfigurationName = Release;
		};
/* End XCConfigurationList section */
	};
	rootObject = 106CC5611E517A56004F75E9 /* Project object */;
}
